
Microsoft Visual Studio Solution File, Format Version 12.00
# Visual Studio Version 17
VisualStudioVersion = 17.8.34316.72
MinimumVisualStudioVersion = 10.0.40219.1
Project("{FAE04EC0-301F-11D3-BF4B-00C04F79EFBC}") = "01. Cinema", "01. Cinema\01. Cinema.csproj", "{FB5815CC-194C-4B84-83A7-544C5C31D4EF}"
EndProject
Project("{FAE04EC0-301F-11D3-BF4B-00C04F79EFBC}") = "02. Summer Outfit", "02. Summer Outfit\02. Summer Outfit.csproj", "{DFC0C007-CB8D-460B-A4C7-21038A0A866C}"
EndProject
Project("{FAE04EC0-301F-11D3-BF4B-00C04F79EFBC}") = "03. New House", "03. New House\03. New House.csproj", "{01406F4A-E65D-42C5-A982-74C24C2E9BB8}"
EndProject
Global
	GlobalSection(SolutionConfigurationPlatforms) = preSolution
		Debug|Any CPU = Debug|Any CPU
		Release|Any CPU = Release|Any CPU
	EndGlobalSection
	GlobalSection(ProjectConfigurationPlatforms) = postSolution
		{FB5815CC-194C-4B84-83A7-544C5C31D4EF}.Debug|Any CPU.ActiveCfg = Debug|Any CPU
		{FB5815CC-194C-4B84-83A7-544C5C31D4EF}.Debug|Any CPU.Build.0 = Debug|Any CPU
		{FB5815CC-194C-4B84-83A7-544C5C31D4EF}.Release|Any CPU.ActiveCfg = Release|Any CPU
		{FB5815CC-194C-4B84-83A7-544C5C31D4EF}.Release|Any CPU.Build.0 = Release|Any CPU
		{DFC0C007-CB8D-460B-A4C7-21038A0A866C}.Debug|Any CPU.ActiveCfg = Debug|Any CPU
		{DFC0C007-CB8D-460B-A4C7-21038A0A866C}.Debug|Any CPU.Build.0 = Debug|Any CPU
		{DFC0C007-CB8D-460B-A4C7-21038A0A866C}.Release|Any CPU.ActiveCfg = Release|Any CPU
		{DFC0C007-CB8D-460B-A4C7-21038A0A866C}.Release|Any CPU.Build.0 = Release|Any CPU
		{01406F4A-E65D-42C5-A982-74C24C2E9BB8}.Debug|Any CPU.ActiveCfg = Debug|Any CPU
		{01406F4A-E65D-42C5-A982-74C24C2E9BB8}.Debug|Any CPU.Build.0 = Debug|Any CPU
		{01406F4A-E65D-42C5-A982-74C24C2E9BB8}.Release|Any CPU.ActiveCfg = Release|Any CPU
		{01406F4A-E65D-42C5-A982-74C24C2E9BB8}.Release|Any CPU.Build.0 = Release|Any CPU
	EndGlobalSection
	GlobalSection(SolutionProperties) = preSolution
		HideSolutionNode = FALSE
	EndGlobalSection
	GlobalSection(ExtensibilityGlobals) = postSolution
		SolutionGuid = {D2C28E9A-0720-4B18-ABEE-0A2C54DC5C61}
	EndGlobalSection
EndGlobal
