
Microsoft Visual Studio Solution File, Format Version 12.00
# Visual Studio Version 17
VisualStudioVersion = 17.8.34316.72
MinimumVisualStudioVersion = 10.0.40219.1
Project("{FAE04EC0-301F-11D3-BF4B-00C04F79EFBC}") = "01. USD to BGN", "01. USD to BGN\01. USD to BGN.csproj", "{26382D55-3CF7-459E-B5A1-6942699B908C}"
EndProject
Global
	GlobalSection(SolutionConfigurationPlatforms) = preSolution
		Debug|Any CPU = Debug|Any CPU
		Release|Any CPU = Release|Any CPU
	EndGlobalSection
	GlobalSection(ProjectConfigurationPlatforms) = postSolution
		{26382D55-3CF7-459E-B5A1-6942699B908C}.Debug|Any CPU.ActiveCfg = Debug|Any CPU
		{26382D55-3CF7-459E-B5A1-6942699B908C}.Debug|Any CPU.Build.0 = Debug|Any CPU
		{26382D55-3CF7-459E-B5A1-6942699B908C}.Release|Any CPU.ActiveCfg = Release|Any CPU
		{26382D55-3CF7-459E-B5A1-6942699B908C}.Release|Any CPU.Build.0 = Release|Any CPU
	EndGlobalSection
	GlobalSection(SolutionProperties) = preSolution
		HideSolutionNode = FALSE
	EndGlobalSection
	GlobalSection(ExtensibilityGlobals) = postSolution
		SolutionGuid = {B0B7266F-D322-435B-9E99-D2EBD178141A}
	EndGlobalSection
EndGlobal
