
Microsoft Visual Studio Solution File, Format Version 12.00
# Visual Studio Version 17
VisualStudioVersion = 17.8.34316.72
MinimumVisualStudioVersion = 10.0.40219.1
Project("{FAE04EC0-301F-11D3-BF4B-00C04F79EFBC}") = "01. Day of Week", "01. Day of Week\01. Day of Week.csproj", "{E38C8374-2D38-4307-8528-39AAC66C323C}"
EndProject
Project("{FAE04EC0-301F-11D3-BF4B-00C04F79EFBC}") = "02. Weekend or Working Day", "02. Weekend or Working Day\02. Weekend or Working Day.csproj", "{3D9A8641-9020-42C9-B4DC-20349D0F9F72}"
EndProject
Project("{FAE04EC0-301F-11D3-BF4B-00C04F79EFBC}") = "03. Animal Type", "03. Animal Type\03. Animal Type.csproj", "{96717640-3C09-44D5-BBED-2D4F81B4D7B4}"
EndProject
Project("{FAE04EC0-301F-11D3-BF4B-00C04F79EFBC}") = "04. Personal Titles", "04. Personal Titles\04. Personal Titles.csproj", "{CC37CA65-0833-4C2C-A31A-7AD746E1AD4F}"
EndProject
Project("{FAE04EC0-301F-11D3-BF4B-00C04F79EFBC}") = "05. Small Shop", "05. Small Shop\05. Small Shop.csproj", "{41A89831-0BE9-4FF2-9A56-4A1B21DB855E}"
EndProject
Global
	GlobalSection(SolutionConfigurationPlatforms) = preSolution
		Debug|Any CPU = Debug|Any CPU
		Release|Any CPU = Release|Any CPU
	EndGlobalSection
	GlobalSection(ProjectConfigurationPlatforms) = postSolution
		{E38C8374-2D38-4307-8528-39AAC66C323C}.Debug|Any CPU.ActiveCfg = Debug|Any CPU
		{E38C8374-2D38-4307-8528-39AAC66C323C}.Debug|Any CPU.Build.0 = Debug|Any CPU
		{E38C8374-2D38-4307-8528-39AAC66C323C}.Release|Any CPU.ActiveCfg = Release|Any CPU
		{E38C8374-2D38-4307-8528-39AAC66C323C}.Release|Any CPU.Build.0 = Release|Any CPU
		{3D9A8641-9020-42C9-B4DC-20349D0F9F72}.Debug|Any CPU.ActiveCfg = Debug|Any CPU
		{3D9A8641-9020-42C9-B4DC-20349D0F9F72}.Debug|Any CPU.Build.0 = Debug|Any CPU
		{3D9A8641-9020-42C9-B4DC-20349D0F9F72}.Release|Any CPU.ActiveCfg = Release|Any CPU
		{3D9A8641-9020-42C9-B4DC-20349D0F9F72}.Release|Any CPU.Build.0 = Release|Any CPU
		{96717640-3C09-44D5-BBED-2D4F81B4D7B4}.Debug|Any CPU.ActiveCfg = Debug|Any CPU
		{96717640-3C09-44D5-BBED-2D4F81B4D7B4}.Debug|Any CPU.Build.0 = Debug|Any CPU
		{96717640-3C09-44D5-BBED-2D4F81B4D7B4}.Release|Any CPU.ActiveCfg = Release|Any CPU
		{96717640-3C09-44D5-BBED-2D4F81B4D7B4}.Release|Any CPU.Build.0 = Release|Any CPU
		{CC37CA65-0833-4C2C-A31A-7AD746E1AD4F}.Debug|Any CPU.ActiveCfg = Debug|Any CPU
		{CC37CA65-0833-4C2C-A31A-7AD746E1AD4F}.Debug|Any CPU.Build.0 = Debug|Any CPU
		{CC37CA65-0833-4C2C-A31A-7AD746E1AD4F}.Release|Any CPU.ActiveCfg = Release|Any CPU
		{CC37CA65-0833-4C2C-A31A-7AD746E1AD4F}.Release|Any CPU.Build.0 = Release|Any CPU
		{41A89831-0BE9-4FF2-9A56-4A1B21DB855E}.Debug|Any CPU.ActiveCfg = Debug|Any CPU
		{41A89831-0BE9-4FF2-9A56-4A1B21DB855E}.Debug|Any CPU.Build.0 = Debug|Any CPU
		{41A89831-0BE9-4FF2-9A56-4A1B21DB855E}.Release|Any CPU.ActiveCfg = Release|Any CPU
		{41A89831-0BE9-4FF2-9A56-4A1B21DB855E}.Release|Any CPU.Build.0 = Release|Any CPU
	EndGlobalSection
	GlobalSection(SolutionProperties) = preSolution
		HideSolutionNode = FALSE
	EndGlobalSection
	GlobalSection(ExtensibilityGlobals) = postSolution
		SolutionGuid = {EFBBD27F-2B75-4EAD-9EE6-CC37E2DAF8D2}
	EndGlobalSection
EndGlobal
